
Microsoft Visual Studio Solution File, Format Version 12.00
# Visual Studio Version 17
VisualStudioVersion = 17.10.35013.160
MinimumVisualStudioVersion = 10.0.40219.1
Project("{9A19103F-16F7-4668-BE54-9A1E7A4F7556}") = "RecipeProject", "RecipeProject\RecipeProject.csproj", "{692E76BB-AC74-493E-A509-765D33C46404}"
EndProject
Global
	GlobalSection(SolutionConfigurationPlatforms) = preSolution
		Debug|Any CPU = Debug|Any CPU
		Release|Any CPU = Release|Any CPU
	EndGlobalSection
	GlobalSection(ProjectConfigurationPlatforms) = postSolution
		{692E76BB-AC74-493E-A509-765D33C46404}.Debug|Any CPU.ActiveCfg = Debug|Any CPU
		{692E76BB-AC74-493E-A509-765D33C46404}.Debug|Any CPU.Build.0 = Debug|Any CPU
		{692E76BB-AC74-493E-A509-765D33C46404}.Release|Any CPU.ActiveCfg = Release|Any CPU
		{692E76BB-AC74-493E-A509-765D33C46404}.Release|Any CPU.Build.0 = Release|Any CPU
	EndGlobalSection
	GlobalSection(SolutionProperties) = preSolution
		HideSolutionNode = FALSE
	EndGlobalSection
	GlobalSection(ExtensibilityGlobals) = postSolution
		SolutionGuid = {9629B55C-DA81-4D69-B0E6-4A94F852CA18}
	EndGlobalSection
EndGlobal
